// !$*UTF8*$!
{
	archiveVersion = 1;
	classes = {
	};
	objectVersion = 50;
	objects = {

/* Begin PBXBuildFile section */
		EC18B6E0249C3CB800A954ED /* VideoTableViewCell.swift in Sources */ = {isa = PBXBuildFile; fileRef = EC18B6DF249C3CB800A954ED /* VideoTableViewCell.swift */; };
		EC9B686824A2C07E00157C83 /* DetailViewController.swift in Sources */ = {isa = PBXBuildFile; fileRef = EC9B686724A2C07E00157C83 /* DetailViewController.swift */; };
		EC9B686B24A2C78700157C83 /* WebKit.framework in Frameworks */ = {isa = PBXBuildFile; fileRef = EC9B686A24A2C78600157C83 /* WebKit.framework */; };
		ECA6463C249C1B5C00ED82DB /* AppDelegate.swift in Sources */ = {isa = PBXBuildFile; fileRef = ECA6463B249C1B5C00ED82DB /* AppDelegate.swift */; };
		ECA6463E249C1B5C00ED82DB /* SceneDelegate.swift in Sources */ = {isa = PBXBuildFile; fileRef = ECA6463D249C1B5C00ED82DB /* SceneDelegate.swift */; };
		ECA64640249C1B5C00ED82DB /* ViewController.swift in Sources */ = {isa = PBXBuildFile; fileRef = ECA6463F249C1B5C00ED82DB /* ViewController.swift */; };
		ECA64643249C1B5C00ED82DB /* Main.storyboard in Resources */ = {isa = PBXBuildFile; fileRef = ECA64641249C1B5C00ED82DB /* Main.storyboard */; };
		ECA64645249C1B6000ED82DB /* Assets.xcassets in Resources */ = {isa = PBXBuildFile; fileRef = ECA64644249C1B6000ED82DB /* Assets.xcassets */; };
		ECA64648249C1B6000ED82DB /* LaunchScreen.storyboard in Resources */ = {isa = PBXBuildFile; fileRef = ECA64646249C1B6000ED82DB /* LaunchScreen.storyboard */; };
		ECA64656249C257300ED82DB /* Constants.swift in Sources */ = {isa = PBXBuildFile; fileRef = ECA64655249C257300ED82DB /* Constants.swift */; };
		ECA64658249C281100ED82DB /* Video.swift in Sources */ = {isa = PBXBuildFile; fileRef = ECA64657249C281100ED82DB /* Video.swift */; };
		ECA6465A249C284800ED82DB /* Model.swift in Sources */ = {isa = PBXBuildFile; fileRef = ECA64659249C284800ED82DB /* Model.swift */; };
		ECA6465C249C328A00ED82DB /* Response.swift in Sources */ = {isa = PBXBuildFile; fileRef = ECA6465B249C328A00ED82DB /* Response.swift */; };
		ECC00BA3249C423F0076B1F7 /* CacheManager.swift in Sources */ = {isa = PBXBuildFile; fileRef = ECC00BA2249C423F0076B1F7 /* CacheManager.swift */; };
/* End PBXBuildFile section */

/* Begin PBXFileReference section */
		EC18B6DF249C3CB800A954ED /* VideoTableViewCell.swift */ = {isa = PBXFileReference; lastKnownFileType = sourcecode.swift; path = VideoTableViewCell.swift; sourceTree = "<group>"; };
		EC9B686724A2C07E00157C83 /* DetailViewController.swift */ = {isa = PBXFileReference; lastKnownFileType = sourcecode.swift; path = DetailViewController.swift; sourceTree = "<group>"; };
		EC9B686A24A2C78600157C83 /* WebKit.framework */ = {isa = PBXFileReference; lastKnownFileType = wrapper.framework; name = WebKit.framework; path = System/Library/Frameworks/WebKit.framework; sourceTree = SDKROOT; };
		ECA64638249C1B5C00ED82DB /* Youtube.app */ = {isa = PBXFileReference; explicitFileType = wrapper.application; includeInIndex = 0; path = Youtube.app; sourceTree = BUILT_PRODUCTS_DIR; };
		ECA6463B249C1B5C00ED82DB /* AppDelegate.swift */ = {isa = PBXFileReference; lastKnownFileType = sourcecode.swift; path = AppDelegate.swift; sourceTree = "<group>"; };
		ECA6463D249C1B5C00ED82DB /* SceneDelegate.swift */ = {isa = PBXFileReference; lastKnownFileType = sourcecode.swift; path = SceneDelegate.swift; sourceTree = "<group>"; };
		ECA6463F249C1B5C00ED82DB /* ViewController.swift */ = {isa = PBXFileReference; lastKnownFileType = sourcecode.swift; path = ViewController.swift; sourceTree = "<group>"; };
		ECA64642249C1B5C00ED82DB /* Base */ = {isa = PBXFileReference; lastKnownFileType = file.storyboard; name = Base; path = Base.lproj/Main.storyboard; sourceTree = "<group>"; };
		ECA64644249C1B6000ED82DB /* Assets.xcassets */ = {isa = PBXFileReference; lastKnownFileType = folder.assetcatalog; path = Assets.xcassets; sourceTree = "<group>"; };
		ECA64647249C1B6000ED82DB /* Base */ = {isa = PBXFileReference; lastKnownFileType = file.storyboard; name = Base; path = Base.lproj/LaunchScreen.storyboard; sourceTree = "<group>"; };
		ECA64649249C1B6000ED82DB /* Info.plist */ = {isa = PBXFileReference; lastKnownFileType = text.plist.xml; path = Info.plist; sourceTree = "<group>"; };
		ECA64655249C257300ED82DB /* Constants.swift */ = {isa = PBXFileReference; lastKnownFileType = sourcecode.swift; path = Constants.swift; sourceTree = "<group>"; };
		ECA64657249C281100ED82DB /* Video.swift */ = {isa = PBXFileReference; lastKnownFileType = sourcecode.swift; path = Video.swift; sourceTree = "<group>"; };
		ECA64659249C284800ED82DB /* Model.swift */ = {isa = PBXFileReference; lastKnownFileType = sourcecode.swift; path = Model.swift; sourceTree = "<group>"; };
		ECA6465B249C328A00ED82DB /* Response.swift */ = {isa = PBXFileReference; lastKnownFileType = sourcecode.swift; path = Response.swift; sourceTree = "<group>"; };
		ECC00BA2249C423F0076B1F7 /* CacheManager.swift */ = {isa = PBXFileReference; lastKnownFileType = sourcecode.swift; path = CacheManager.swift; sourceTree = "<group>"; };
/* End PBXFileReference section */

/* Begin PBXFrameworksBuildPhase section */
		ECA64635249C1B5C00ED82DB /* Frameworks */ = {
			isa = PBXFrameworksBuildPhase;
			buildActionMask = 2147483647;
			files = (
				EC9B686B24A2C78700157C83 /* WebKit.framework in Frameworks */,
			);
			runOnlyForDeploymentPostprocessing = 0;
		};
/* End PBXFrameworksBuildPhase section */

/* Begin PBXGroup section */
		EC9B686924A2C78600157C83 /* Frameworks */ = {
			isa = PBXGroup;
			children = (
				EC9B686A24A2C78600157C83 /* WebKit.framework */,
			);
			name = Frameworks;
			sourceTree = "<group>";
		};
		ECA6462F249C1B5C00ED82DB = {
			isa = PBXGroup;
			children = (
				ECA6463A249C1B5C00ED82DB /* Youtube */,
				ECA64639249C1B5C00ED82DB /* Products */,
				EC9B686924A2C78600157C83 /* Frameworks */,
			);
			sourceTree = "<group>";
		};
		ECA64639249C1B5C00ED82DB /* Products */ = {
			isa = PBXGroup;
			children = (
				ECA64638249C1B5C00ED82DB /* Youtube.app */,
			);
			name = Products;
			sourceTree = "<group>";
		};
		ECA6463A249C1B5C00ED82DB /* Youtube */ = {
			isa = PBXGroup;
			children = (
				ECA64651249C223400ED82DB /* Storyboards */,
				ECA6464F249C220A00ED82DB /* Delegates */,
				ECA64650249C221B00ED82DB /* ViewControllers */,
				ECA64652249C225300ED82DB /* Cells */,
				ECA64653249C226200ED82DB /* Models */,
				ECA64654249C227300ED82DB /* API */,
				ECA64644249C1B6000ED82DB /* Assets.xcassets */,
				ECA64649249C1B6000ED82DB /* Info.plist */,
			);
			path = Youtube;
			sourceTree = "<group>";
		};
		ECA6464F249C220A00ED82DB /* Delegates */ = {
			isa = PBXGroup;
			children = (
				ECA6463B249C1B5C00ED82DB /* AppDelegate.swift */,
				ECA6463D249C1B5C00ED82DB /* SceneDelegate.swift */,
			);
			path = Delegates;
			sourceTree = "<group>";
		};
		ECA64650249C221B00ED82DB /* ViewControllers */ = {
			isa = PBXGroup;
			children = (
				ECA6463F249C1B5C00ED82DB /* ViewController.swift */,
				EC9B686724A2C07E00157C83 /* DetailViewController.swift */,
			);
			path = ViewControllers;
			sourceTree = "<group>";
		};
		ECA64651249C223400ED82DB /* Storyboards */ = {
			isa = PBXGroup;
			children = (
				ECA64646249C1B6000ED82DB /* LaunchScreen.storyboard */,
				ECA64641249C1B5C00ED82DB /* Main.storyboard */,
			);
			path = Storyboards;
			sourceTree = "<group>";
		};
		ECA64652249C225300ED82DB /* Cells */ = {
			isa = PBXGroup;
			children = (
				EC18B6DF249C3CB800A954ED /* VideoTableViewCell.swift */,
			);
			path = Cells;
			sourceTree = "<group>";
		};
		ECA64653249C226200ED82DB /* Models */ = {
			isa = PBXGroup;
			children = (
				ECA64659249C284800ED82DB /* Model.swift */,
				ECA64657249C281100ED82DB /* Video.swift */,
				ECA6465B249C328A00ED82DB /* Response.swift */,
			);
			path = Models;
			sourceTree = "<group>";
		};
		ECA64654249C227300ED82DB /* API */ = {
			isa = PBXGroup;
			children = (
				ECA64655249C257300ED82DB /* Constants.swift */,
				ECC00BA2249C423F0076B1F7 /* CacheManager.swift */,
			);
			path = API;
			sourceTree = "<group>";
		};
/* End PBXGroup section */

/* Begin PBXNativeTarget section */
		ECA64637249C1B5C00ED82DB /* Youtube */ = {
			isa = PBXNativeTarget;
			buildConfigurationList = ECA6464C249C1B6000ED82DB /* Build configuration list for PBXNativeTarget "Youtube" */;
			buildPhases = (
				ECA64634249C1B5C00ED82DB /* Sources */,
				ECA64635249C1B5C00ED82DB /* Frameworks */,
				ECA64636249C1B5C00ED82DB /* Resources */,
			);
			buildRules = (
			);
			dependencies = (
			);
			name = Youtube;
			productName = Youtube;
			productReference = ECA64638249C1B5C00ED82DB /* Youtube.app */;
			productType = "com.apple.product-type.application";
		};
/* End PBXNativeTarget section */

/* Begin PBXProject section */
		ECA64630249C1B5C00ED82DB /* Project object */ = {
			isa = PBXProject;
			attributes = {
				LastSwiftUpdateCheck = 1150;
				LastUpgradeCheck = 1150;
				ORGANIZATIONNAME = Gustavo;
				TargetAttributes = {
					ECA64637249C1B5C00ED82DB = {
						CreatedOnToolsVersion = 11.5;
					};
				};
			};
			buildConfigurationList = ECA64633249C1B5C00ED82DB /* Build configuration list for PBXProject "Youtube" */;
			compatibilityVersion = "Xcode 9.3";
			developmentRegion = en;
			hasScannedForEncodings = 0;
			knownRegions = (
				en,
				Base,
			);
			mainGroup = ECA6462F249C1B5C00ED82DB;
			productRefGroup = ECA64639249C1B5C00ED82DB /* Products */;
			projectDirPath = "";
			projectRoot = "";
			targets = (
				ECA64637249C1B5C00ED82DB /* Youtube */,
			);
		};
/* End PBXProject section */

/* Begin PBXResourcesBuildPhase section */
		ECA64636249C1B5C00ED82DB /* Resources */ = {
			isa = PBXResourcesBuildPhase;
			buildActionMask = 2147483647;
			files = (
				ECA64648249C1B6000ED82DB /* LaunchScreen.storyboard in Resources */,
				ECA64645249C1B6000ED82DB /* Assets.xcassets in Resources */,
				ECA64643249C1B5C00ED82DB /* Main.storyboard in Resources */,
			);
			runOnlyForDeploymentPostprocessing = 0;
		};
/* End PBXResourcesBuildPhase section */

/* Begin PBXSourcesBuildPhase section */
		ECA64634249C1B5C00ED82DB /* Sources */ = {
			isa = PBXSourcesBuildPhase;
			buildActionMask = 2147483647;
			files = (
				ECA64640249C1B5C00ED82DB /* ViewController.swift in Sources */,
				ECC00BA3249C423F0076B1F7 /* CacheManager.swift in Sources */,
				ECA6463C249C1B5C00ED82DB /* AppDelegate.swift in Sources */,
				ECA6463E249C1B5C00ED82DB /* SceneDelegate.swift in Sources */,
				ECA6465A249C284800ED82DB /* Model.swift in Sources */,
				ECA64656249C257300ED82DB /* Constants.swift in Sources */,
				EC18B6E0249C3CB800A954ED /* VideoTableViewCell.swift in Sources */,
				EC9B686824A2C07E00157C83 /* DetailViewController.swift in Sources */,
				ECA64658249C281100ED82DB /* Video.swift in Sources */,
				ECA6465C249C328A00ED82DB /* Response.swift in Sources */,
			);
			runOnlyForDeploymentPostprocessing = 0;
		};
/* End PBXSourcesBuildPhase section */

/* Begin PBXVariantGroup section */
		ECA64641249C1B5C00ED82DB /* Main.storyboard */ = {
			isa = PBXVariantGroup;
			children = (
				ECA64642249C1B5C00ED82DB /* Base */,
			);
			name = Main.storyboard;
			sourceTree = "<group>";
		};
		ECA64646249C1B6000ED82DB /* LaunchScreen.storyboard */ = {
			isa = PBXVariantGroup;
			children = (
				ECA64647249C1B6000ED82DB /* Base */,
			);
			name = LaunchScreen.storyboard;
			sourceTree = "<group>";
		};
/* End PBXVariantGroup section */

/* Begin XCBuildConfiguration section */
		ECA6464A249C1B6000ED82DB /* Debug */ = {
			isa = XCBuildConfiguration;
			buildSettings = {
				ALWAYS_SEARCH_USER_PATHS = NO;
				CLANG_ANALYZER_NONNULL = YES;
				CLANG_ANALYZER_NUMBER_OBJECT_CONVERSION = YES_AGGRESSIVE;
				CLANG_CXX_LANGUAGE_STANDARD = "gnu++14";
				CLANG_CXX_LIBRARY = "libc++";
				CLANG_ENABLE_MODULES = YES;
				CLANG_ENABLE_OBJC_ARC = YES;
				CLANG_ENABLE_OBJC_WEAK = YES;
				CLANG_WARN_BLOCK_CAPTURE_AUTORELEASING = YES;
				CLANG_WARN_BOOL_CONVERSION = YES;
				CLANG_WARN_COMMA = YES;
				CLANG_WARN_CONSTANT_CONVERSION = YES;
				CLANG_WARN_DEPRECATED_OBJC_IMPLEMENTATIONS = YES;
				CLANG_WARN_DIRECT_OBJC_ISA_USAGE = YES_ERROR;
				CLANG_WARN_DOCUMENTATION_COMMENTS = YES;
				CLANG_WARN_EMPTY_BODY = YES;
				CLANG_WARN_ENUM_CONVERSION = YES;
				CLANG_WARN_INFINITE_RECURSION = YES;
				CLANG_WARN_INT_CONVERSION = YES;
				CLANG_WARN_NON_LITERAL_NULL_CONVERSION = YES;
				CLANG_WARN_OBJC_IMPLICIT_RETAIN_SELF = YES;
				CLANG_WARN_OBJC_LITERAL_CONVERSION = YES;
				CLANG_WARN_OBJC_ROOT_CLASS = YES_ERROR;
				CLANG_WARN_RANGE_LOOP_ANALYSIS = YES;
				CLANG_WARN_STRICT_PROTOTYPES = YES;
				CLANG_WARN_SUSPICIOUS_MOVE = YES;
				CLANG_WARN_UNGUARDED_AVAILABILITY = YES_AGGRESSIVE;
				CLANG_WARN_UNREACHABLE_CODE = YES;
				CLANG_WARN__DUPLICATE_METHOD_MATCH = YES;
				COPY_PHASE_STRIP = NO;
				DEBUG_INFORMATION_FORMAT = dwarf;
				ENABLE_STRICT_OBJC_MSGSEND = YES;
				ENABLE_TESTABILITY = YES;
				GCC_C_LANGUAGE_STANDARD = gnu11;
				GCC_DYNAMIC_NO_PIC = NO;
				GCC_NO_COMMON_BLOCKS = YES;
				GCC_OPTIMIZATION_LEVEL = 0;
				GCC_PREPROCESSOR_DEFINITIONS = (
					"DEBUG=1",
					"$(inherited)",
				);
				GCC_WARN_64_TO_32_BIT_CONVERSION = YES;
				GCC_WARN_ABOUT_RETURN_TYPE = YES_ERROR;
				GCC_WARN_UNDECLARED_SELECTOR = YES;
				GCC_WARN_UNINITIALIZED_AUTOS = YES_AGGRESSIVE;
				GCC_WARN_UNUSED_FUNCTION = YES;
				GCC_WARN_UNUSED_VARIABLE = YES;
				IPHONEOS_DEPLOYMENT_TARGET = 13.5;
				MTL_ENABLE_DEBUG_INFO = INCLUDE_SOURCE;
				MTL_FAST_MATH = YES;
				ONLY_ACTIVE_ARCH = YES;
				SDKROOT = iphoneos;
				SWIFT_ACTIVE_COMPILATION_CONDITIONS = DEBUG;
				SWIFT_OPTIMIZATION_LEVEL = "-Onone";
			};
			name = Debug;
		};
		ECA6464B249C1B6000ED82DB /* Release */ = {
			isa = XCBuildConfiguration;
			buildSettings = {
				ALWAYS_SEARCH_USER_PATHS = NO;
				CLANG_ANALYZER_NONNULL = YES;
				CLANG_ANALYZER_NUMBER_OBJECT_CONVERSION = YES_AGGRESSIVE;
				CLANG_CXX_LANGUAGE_STANDARD = "gnu++14";
				CLANG_CXX_LIBRARY = "libc++";
				CLANG_ENABLE_MODULES = YES;
				CLANG_ENABLE_OBJC_ARC = YES;
				CLANG_ENABLE_OBJC_WEAK = YES;
				CLANG_WARN_BLOCK_CAPTURE_AUTORELEASING = YES;
				CLANG_WARN_BOOL_CONVERSION = YES;
				CLANG_WARN_COMMA = YES;
				CLANG_WARN_CONSTANT_CONVERSION = YES;
				CLANG_WARN_DEPRECATED_OBJC_IMPLEMENTATIONS = YES;
				CLANG_WARN_DIRECT_OBJC_ISA_USAGE = YES_ERROR;
				CLANG_WARN_DOCUMENTATION_COMMENTS = YES;
				CLANG_WARN_EMPTY_BODY = YES;
				CLANG_WARN_ENUM_CONVERSION = YES;
				CLANG_WARN_INFINITE_RECURSION = YES;
				CLANG_WARN_INT_CONVERSION = YES;
				CLANG_WARN_NON_LITERAL_NULL_CONVERSION = YES;
				CLANG_WARN_OBJC_IMPLICIT_RETAIN_SELF = YES;
				CLANG_WARN_OBJC_LITERAL_CONVERSION = YES;
				CLANG_WARN_OBJC_ROOT_CLASS = YES_ERROR;
				CLANG_WARN_RANGE_LOOP_ANALYSIS = YES;
				CLANG_WARN_STRICT_PROTOTYPES = YES;
				CLANG_WARN_SUSPICIOUS_MOVE = YES;
				CLANG_WARN_UNGUARDED_AVAILABILITY = YES_AGGRESSIVE;
				CLANG_WARN_UNREACHABLE_CODE = YES;
				CLANG_WARN__DUPLICATE_METHOD_MATCH = YES;
				COPY_PHASE_STRIP = NO;
				DEBUG_INFORMATION_FORMAT = "dwarf-with-dsym";
				ENABLE_NS_ASSERTIONS = NO;
				ENABLE_STRICT_OBJC_MSGSEND = YES;
				GCC_C_LANGUAGE_STANDARD = gnu11;
				GCC_NO_COMMON_BLOCKS = YES;
				GCC_WARN_64_TO_32_BIT_CONVERSION = YES;
				GCC_WARN_ABOUT_RETURN_TYPE = YES_ERROR;
				GCC_WARN_UNDECLARED_SELECTOR = YES;
				GCC_WARN_UNINITIALIZED_AUTOS = YES_AGGRESSIVE;
				GCC_WARN_UNUSED_FUNCTION = YES;
				GCC_WARN_UNUSED_VARIABLE = YES;
				IPHONEOS_DEPLOYMENT_TARGET = 13.5;
				MTL_ENABLE_DEBUG_INFO = NO;
				MTL_FAST_MATH = YES;
				SDKROOT = iphoneos;
				SWIFT_COMPILATION_MODE = wholemodule;
				SWIFT_OPTIMIZATION_LEVEL = "-O";
				VALIDATE_PRODUCT = YES;
			};
			name = Release;
		};
		ECA6464D249C1B6000ED82DB /* Debug */ = {
			isa = XCBuildConfiguration;
			buildSettings = {
				ASSETCATALOG_COMPILER_APPICON_NAME = AppIcon;
				CODE_SIGN_STYLE = Manual;
				DEVELOPMENT_TEAM = "";
				INFOPLIST_FILE = Youtube/Info.plist;
				IPHONEOS_DEPLOYMENT_TARGET = 12.4;
				LD_RUNPATH_SEARCH_PATHS = (
					"$(inherited)",
					"@executable_path/Frameworks",
				);
				PRODUCT_BUNDLE_IDENTIFIER = br.com.gustavo.Youtube;
				PRODUCT_NAME = "$(TARGET_NAME)";
				PROVISIONING_PROFILE_SPECIFIER = "";
				SWIFT_VERSION = 5.0;
				TARGETED_DEVICE_FAMILY = "1,2";
			};
			name = Debug;
		};
		ECA6464E249C1B6000ED82DB /* Release */ = {
			isa = XCBuildConfiguration;
			buildSettings = {
				ASSETCATALOG_COMPILER_APPICON_NAME = AppIcon;
				CODE_SIGN_STYLE = Manual;
				DEVELOPMENT_TEAM = "";
				INFOPLIST_FILE = Youtube/Info.plist;
				IPHONEOS_DEPLOYMENT_TARGET = 12.4;
				LD_RUNPATH_SEARCH_PATHS = (
					"$(inherited)",
					"@executable_path/Frameworks",
				);
				PRODUCT_BUNDLE_IDENTIFIER = br.com.gustavo.Youtube;
				PRODUCT_NAME = "$(TARGET_NAME)";
				PROVISIONING_PROFILE_SPECIFIER = "";
				SWIFT_VERSION = 5.0;
				TARGETED_DEVICE_FAMILY = "1,2";
			};
			name = Release;
		};
/* End XCBuildConfiguration section */

/* Begin XCConfigurationList section */
		ECA64633249C1B5C00ED82DB /* Build configuration list for PBXProject "Youtube" */ = {
			isa = XCConfigurationList;
			buildConfigurations = (
				ECA6464A249C1B6000ED82DB /* Debug */,
				ECA6464B249C1B6000ED82DB /* Release */,
			);
			defaultConfigurationIsVisible = 0;
			defaultConfigurationName = Release;
		};
		ECA6464C249C1B6000ED82DB /* Build configuration list for PBXNativeTarget "Youtube" */ = {
			isa = XCConfigurationList;
			buildConfigurations = (
				ECA6464D249C1B6000ED82DB /* Debug */,
				ECA6464E249C1B6000ED82DB /* Release */,
			);
			defaultConfigurationIsVisible = 0;
			defaultConfigurationName = Release;
		};
/* End XCConfigurationList section */
	};
	rootObject = ECA64630249C1B5C00ED82DB /* Project object */;
}
